
Microsoft Visual Studio Solution File, Format Version 12.00
# Visual Studio 15
VisualStudioVersion = 15.0.28307.106
MinimumVisualStudioVersion = 10.0.40219.1
Project("{FAE04EC0-301F-11D3-BF4B-00C04F79EFBC}") = "netex_client_cs", "netex_client_cs\netex_client_cs.csproj", "{A92A98A0-323B-41E5-AA40-901FA4F1E080}"
EndProject
Global
	GlobalSection(SolutionConfigurationPlatforms) = preSolution
		Debug|Any CPU = Debug|Any CPU
		Release|Any CPU = Release|Any CPU
	EndGlobalSection
	GlobalSection(ProjectConfigurationPlatforms) = postSolution
		{A92A98A0-323B-41E5-AA40-901FA4F1E080}.Debug|Any CPU.ActiveCfg = Debug|Any CPU
		{A92A98A0-323B-41E5-AA40-901FA4F1E080}.Debug|Any CPU.Build.0 = Debug|Any CPU
		{A92A98A0-323B-41E5-AA40-901FA4F1E080}.Release|Any CPU.ActiveCfg = Release|Any CPU
		{A92A98A0-323B-41E5-AA40-901FA4F1E080}.Release|Any CPU.Build.0 = Release|Any CPU
	EndGlobalSection
	GlobalSection(SolutionProperties) = preSolution
		HideSolutionNode = FALSE
	EndGlobalSection
	GlobalSection(ExtensibilityGlobals) = postSolution
		SolutionGuid = {0687ADBE-8BF7-4426-8E91-5F613EEAB492}
	EndGlobalSection
EndGlobal
